<?xml version="1.0" encoding="utf-8"?>
<Project ToolsVersion="4.0" xmlns="http://schemas.microsoft.com/developer/msbuild/2003">
  <ItemGroup>
    <Filter Include="源文件">
      <UniqueIdentifier>{4FC737F1-C7A5-4376-A066-2A32D752A2FF}</UniqueIdentifier>
      <Extensions>cpp;c;cc;cxx;def;odl;idl;hpj;bat;asm;asmx</Extensions>
    </Filter>
    <Filter Include="头文件">
      <UniqueIdentifier>{93995380-89BD-4b04-88EB-625FBE52EBFB}</UniqueIdentifier>
      <Extensions>h;hh;hpp;hxx;hm;inl;inc;ipp;xsd</Extensions>
    </Filter>
    <Filter Include="资源文件">
      <UniqueIdentifier>{67DA6AB6-F800-4c08-8B7A-83BB121AAD01}</UniqueIdentifier>
      <Extensions>rc;ico;cur;bmp;dlg;rc2;rct;bin;rgs;gif;jpg;jpeg;jpe;resx;tiff;tif;png;wav;mfcribbon-ms</Extensions>
    </Filter>
  </ItemGroup>
  <ItemGroup>
    <ClInclude Include="luah\lapi.h">
      <Filter>头文件</Filter>
    </ClInclude>
    <ClInclude Include="luah\lauxlib.h">
      <Filter>头文件</Filter>
    </ClInclude>
    <ClInclude Include="luah\lcode.h">
      <Filter>头文件</Filter>
    </ClInclude>
    <ClInclude Include="luah\lctype.h">
      <Filter>头文件</Filter>
    </ClInclude>
    <ClInclude Include="luah\ldebug.h">
      <Filter>头文件</Filter>
    </ClInclude>
    <ClInclude Include="luah\ldo.h">
      <Filter>头文件</Filter>
    </ClInclude>
    <ClInclude Include="luah\lfunc.h">
      <Filter>头文件</Filter>
    </ClInclude>
    <ClInclude Include="luah\lgc.h">
      <Filter>头文件</Filter>
    </ClInclude>
    <ClInclude Include="luah\llex.h">
      <Filter>头文件</Filter>
    </ClInclude>
    <ClInclude Include="luah\llimits.h">
      <Filter>头文件</Filter>
    </ClInclude>
    <ClInclude Include="luah\lmem.h">
      <Filter>头文件</Filter>
    </ClInclude>
    <ClInclude Include="luah\lobject.h">
      <Filter>头文件</Filter>
    </ClInclude>
    <ClInclude Include="luah\lopcodes.h">
      <Filter>头文件</Filter>
    </ClInclude>
    <ClInclude Include="luah\lparser.h">
      <Filter>头文件</Filter>
    </ClInclude>
    <ClInclude Include="luah\lprefix.h">
      <Filter>头文件</Filter>
    </ClInclude>
    <ClInclude Include="luah\lstate.h">
      <Filter>头文件</Filter>
    </ClInclude>
    <ClInclude Include="luah\lstring.h">
      <Filter>头文件</Filter>
    </ClInclude>
    <ClInclude Include="luah\ltable.h">
      <Filter>头文件</Filter>
    </ClInclude>
    <ClInclude Include="luah\ltm.h">
      <Filter>头文件</Filter>
    </ClInclude>
    <ClInclude Include="luah\lua.h">
      <Filter>头文件</Filter>
    </ClInclude>
    <ClInclude Include="luah\lua.hpp">
      <Filter>头文件</Filter>
    </ClInclude>
    <ClInclude Include="luah\luaconf.h">
      <Filter>头文件</Filter>
    </ClInclude>
    <ClInclude Include="luah\lualib.h">
      <Filter>头文件</Filter>
    </ClInclude>
    <ClInclude Include="luah\lundump.h">
      <Filter>头文件</Filter>
    </ClInclude>
    <ClInclude Include="luah\lvm.h">
      <Filter>头文件</Filter>
    </ClInclude>
    <ClInclude Include="luah\lzio.h">
      <Filter>头文件</Filter>
    </ClInclude>
  </ItemGroup>
  <ItemGroup>
    <ClCompile Include="luac\lapi.c">
      <Filter>源文件</Filter>
    </ClCompile>
    <ClCompile Include="luac\lauxlib.c">
      <Filter>源文件</Filter>
    </ClCompile>
    <ClCompile Include="luac\lbaselib.c">
      <Filter>源文件</Filter>
    </ClCompile>
    <ClCompile Include="luac\lbitlib.c">
      <Filter>源文件</Filter>
    </ClCompile>
    <ClCompile Include="luac\lcode.c">
      <Filter>源文件</Filter>
    </ClCompile>
    <ClCompile Include="luac\lcorolib.c">
      <Filter>源文件</Filter>
    </ClCompile>
    <ClCompile Include="luac\lctype.c">
      <Filter>源文件</Filter>
    </ClCompile>
    <ClCompile Include="luac\ldblib.c">
      <Filter>源文件</Filter>
    </ClCompile>
    <ClCompile Include="luac\ldebug.c">
      <Filter>源文件</Filter>
    </ClCompile>
    <ClCompile Include="luac\ldo.c">
      <Filter>源文件</Filter>
    </ClCompile>
    <ClCompile Include="luac\ldump.c">
      <Filter>源文件</Filter>
    </ClCompile>
    <ClCompile Include="luac\lfunc.c">
      <Filter>源文件</Filter>
    </ClCompile>
    <ClCompile Include="luac\lgc.c">
      <Filter>源文件</Filter>
    </ClCompile>
    <ClCompile Include="luac\linit.c">
      <Filter>源文件</Filter>
    </ClCompile>
    <ClCompile Include="luac\liolib.c">
      <Filter>源文件</Filter>
    </ClCompile>
    <ClCompile Include="luac\llex.c">
      <Filter>源文件</Filter>
    </ClCompile>
    <ClCompile Include="luac\lmathlib.c">
      <Filter>源文件</Filter>
    </ClCompile>
    <ClCompile Include="luac\lmem.c">
      <Filter>源文件</Filter>
    </ClCompile>
    <ClCompile Include="luac\loadlib.c">
      <Filter>源文件</Filter>
    </ClCompile>
    <ClCompile Include="luac\lobject.c">
      <Filter>源文件</Filter>
    </ClCompile>
    <ClCompile Include="luac\lopcodes.c">
      <Filter>源文件</Filter>
    </ClCompile>
    <ClCompile Include="luac\loslib.c">
      <Filter>源文件</Filter>
    </ClCompile>
    <ClCompile Include="luac\lparser.c">
      <Filter>源文件</Filter>
    </ClCompile>
    <ClCompile Include="luac\lstate.c">
      <Filter>源文件</Filter>
    </ClCompile>
    <ClCompile Include="luac\lstring.c">
      <Filter>源文件</Filter>
    </ClCompile>
    <ClCompile Include="luac\lstrlib.c">
      <Filter>源文件</Filter>
    </ClCompile>
    <ClCompile Include="luac\ltable.c">
      <Filter>源文件</Filter>
    </ClCompile>
    <ClCompile Include="luac\ltablib.c">
      <Filter>源文件</Filter>
    </ClCompile>
    <ClCompile Include="luac\ltm.c">
      <Filter>源文件</Filter>
    </ClCompile>
    <ClCompile Include="luac\lua.c">
      <Filter>源文件</Filter>
    </ClCompile>
    <ClCompile Include="luac\lundump.c">
      <Filter>源文件</Filter>
    </ClCompile>
    <ClCompile Include="luac\lutf8lib.c">
      <Filter>源文件</Filter>
    </ClCompile>
    <ClCompile Include="luac\lvm.c">
      <Filter>源文件</Filter>
    </ClCompile>
    <ClCompile Include="luac\lzio.c">
      <Filter>源文件</Filter>
    </ClCompile>
  </ItemGroup>
</Project>